
Microsoft Visual Studio Solution File, Format Version 12.00
# Visual Studio Version 16
VisualStudioVersion = 16.0.31410.357
MinimumVisualStudioVersion = 10.0.40219.1
Project("{FAE04EC0-301F-11D3-BF4B-00C04F79EFBC}") = "SQLChallenges", "SQLChallenges\SQLChallenges.csproj", "{C1A40CEE-A04A-4A75-BB3D-A835CAE06A86}"
EndProject
Global
	GlobalSection(SolutionConfigurationPlatforms) = preSolution
		Debug|Any CPU = Debug|Any CPU
		Release|Any CPU = Release|Any CPU
	EndGlobalSection
	GlobalSection(ProjectConfigurationPlatforms) = postSolution
		{C1A40CEE-A04A-4A75-BB3D-A835CAE06A86}.Debug|Any CPU.ActiveCfg = Debug|Any CPU
		{C1A40CEE-A04A-4A75-BB3D-A835CAE06A86}.Debug|Any CPU.Build.0 = Debug|Any CPU
		{C1A40CEE-A04A-4A75-BB3D-A835CAE06A86}.Release|Any CPU.ActiveCfg = Release|Any CPU
		{C1A40CEE-A04A-4A75-BB3D-A835CAE06A86}.Release|Any CPU.Build.0 = Release|Any CPU
	EndGlobalSection
	GlobalSection(SolutionProperties) = preSolution
		HideSolutionNode = FALSE
	EndGlobalSection
	GlobalSection(ExtensibilityGlobals) = postSolution
		SolutionGuid = {E5736467-43E1-4097-9724-A59E6DC03545}
	EndGlobalSection
EndGlobal
